// !$*UTF8*$!
{
	archiveVersion = 1;
	classes = {
	};
	objectVersion = 50;
	objects = {

/* Begin PBXBuildFile section */
		D7B85E5326602A2B004FF4CE /* LiveCoding4App.swift in Sources */ = {isa = PBXBuildFile; fileRef = D7B85E5226602A2B004FF4CE /* LiveCoding4App.swift */; };
		D7B85E5526602A2B004FF4CE /* ContentView.swift in Sources */ = {isa = PBXBuildFile; fileRef = D7B85E5426602A2B004FF4CE /* ContentView.swift */; };
		D7B85E5726602A2F004FF4CE /* Assets.xcassets in Resources */ = {isa = PBXBuildFile; fileRef = D7B85E5626602A2F004FF4CE /* Assets.xcassets */; };
		D7B85E5A26602A2F004FF4CE /* Preview Assets.xcassets in Resources */ = {isa = PBXBuildFile; fileRef = D7B85E5926602A2F004FF4CE /* Preview Assets.xcassets */; };
		D7B85E6226602AE6004FF4CE /* RecipeRow.swift in Sources */ = {isa = PBXBuildFile; fileRef = D7B85E6126602AE6004FF4CE /* RecipeRow.swift */; };
		D7B85E6426602CCE004FF4CE /* RecipeList.swift in Sources */ = {isa = PBXBuildFile; fileRef = D7B85E6326602CCE004FF4CE /* RecipeList.swift */; };
		D7B85E6626602FC7004FF4CE /* RecipeView.swift in Sources */ = {isa = PBXBuildFile; fileRef = D7B85E6526602FC7004FF4CE /* RecipeView.swift */; };
/* End PBXBuildFile section */

/* Begin PBXFileReference section */
		D7B85E4F26602A2B004FF4CE /* LiveCoding4.app */ = {isa = PBXFileReference; explicitFileType = wrapper.application; includeInIndex = 0; path = LiveCoding4.app; sourceTree = BUILT_PRODUCTS_DIR; };
		D7B85E5226602A2B004FF4CE /* LiveCoding4App.swift */ = {isa = PBXFileReference; lastKnownFileType = sourcecode.swift; path = LiveCoding4App.swift; sourceTree = "<group>"; };
		D7B85E5426602A2B004FF4CE /* ContentView.swift */ = {isa = PBXFileReference; lastKnownFileType = sourcecode.swift; path = ContentView.swift; sourceTree = "<group>"; };
		D7B85E5626602A2F004FF4CE /* Assets.xcassets */ = {isa = PBXFileReference; lastKnownFileType = folder.assetcatalog; path = Assets.xcassets; sourceTree = "<group>"; };
		D7B85E5926602A2F004FF4CE /* Preview Assets.xcassets */ = {isa = PBXFileReference; lastKnownFileType = folder.assetcatalog; path = "Preview Assets.xcassets"; sourceTree = "<group>"; };
		D7B85E5B26602A2F004FF4CE /* Info.plist */ = {isa = PBXFileReference; lastKnownFileType = text.plist.xml; path = Info.plist; sourceTree = "<group>"; };
		D7B85E6126602AE6004FF4CE /* RecipeRow.swift */ = {isa = PBXFileReference; lastKnownFileType = sourcecode.swift; path = RecipeRow.swift; sourceTree = "<group>"; };
		D7B85E6326602CCE004FF4CE /* RecipeList.swift */ = {isa = PBXFileReference; lastKnownFileType = sourcecode.swift; path = RecipeList.swift; sourceTree = "<group>"; };
		D7B85E6526602FC7004FF4CE /* RecipeView.swift */ = {isa = PBXFileReference; lastKnownFileType = sourcecode.swift; path = RecipeView.swift; sourceTree = "<group>"; };
/* End PBXFileReference section */

/* Begin PBXFrameworksBuildPhase section */
		D7B85E4C26602A2B004FF4CE /* Frameworks */ = {
			isa = PBXFrameworksBuildPhase;
			buildActionMask = 2147483647;
			files = (
			);
			runOnlyForDeploymentPostprocessing = 0;
		};
/* End PBXFrameworksBuildPhase section */

/* Begin PBXGroup section */
		D7B85E4626602A2B004FF4CE = {
			isa = PBXGroup;
			children = (
				D7B85E5126602A2B004FF4CE /* LiveCoding4 */,
				D7B85E5026602A2B004FF4CE /* Products */,
			);
			sourceTree = "<group>";
		};
		D7B85E5026602A2B004FF4CE /* Products */ = {
			isa = PBXGroup;
			children = (
				D7B85E4F26602A2B004FF4CE /* LiveCoding4.app */,
			);
			name = Products;
			sourceTree = "<group>";
		};
		D7B85E5126602A2B004FF4CE /* LiveCoding4 */ = {
			isa = PBXGroup;
			children = (
				D7B85E5226602A2B004FF4CE /* LiveCoding4App.swift */,
				D7B85E5426602A2B004FF4CE /* ContentView.swift */,
				D7B85E5626602A2F004FF4CE /* Assets.xcassets */,
				D7B85E5B26602A2F004FF4CE /* Info.plist */,
				D7B85E5826602A2F004FF4CE /* Preview Content */,
				D7B85E6126602AE6004FF4CE /* RecipeRow.swift */,
				D7B85E6326602CCE004FF4CE /* RecipeList.swift */,
				D7B85E6526602FC7004FF4CE /* RecipeView.swift */,
			);
			path = LiveCoding4;
			sourceTree = "<group>";
		};
		D7B85E5826602A2F004FF4CE /* Preview Content */ = {
			isa = PBXGroup;
			children = (
				D7B85E5926602A2F004FF4CE /* Preview Assets.xcassets */,
			);
			path = "Preview Content";
			sourceTree = "<group>";
		};
/* End PBXGroup section */

/* Begin PBXNativeTarget section */
		D7B85E4E26602A2B004FF4CE /* LiveCoding4 */ = {
			isa = PBXNativeTarget;
			buildConfigurationList = D7B85E5E26602A2F004FF4CE /* Build configuration list for PBXNativeTarget "LiveCoding4" */;
			buildPhases = (
				D7B85E4B26602A2B004FF4CE /* Sources */,
				D7B85E4C26602A2B004FF4CE /* Frameworks */,
				D7B85E4D26602A2B004FF4CE /* Resources */,
			);
			buildRules = (
			);
			dependencies = (
			);
			name = LiveCoding4;
			productName = LiveCoding4;
			productReference = D7B85E4F26602A2B004FF4CE /* LiveCoding4.app */;
			productType = "com.apple.product-type.application";
		};
/* End PBXNativeTarget section */

/* Begin PBXProject section */
		D7B85E4726602A2B004FF4CE /* Project object */ = {
			isa = PBXProject;
			attributes = {
				LastSwiftUpdateCheck = 1250;
				LastUpgradeCheck = 1250;
				TargetAttributes = {
					D7B85E4E26602A2B004FF4CE = {
						CreatedOnToolsVersion = 12.5;
					};
				};
			};
			buildConfigurationList = D7B85E4A26602A2B004FF4CE /* Build configuration list for PBXProject "LiveCoding4" */;
			compatibilityVersion = "Xcode 9.3";
			developmentRegion = en;
			hasScannedForEncodings = 0;
			knownRegions = (
				en,
				Base,
			);
			mainGroup = D7B85E4626602A2B004FF4CE;
			productRefGroup = D7B85E5026602A2B004FF4CE /* Products */;
			projectDirPath = "";
			projectRoot = "";
			targets = (
				D7B85E4E26602A2B004FF4CE /* LiveCoding4 */,
			);
		};
/* End PBXProject section */

/* Begin PBXResourcesBuildPhase section */
		D7B85E4D26602A2B004FF4CE /* Resources */ = {
			isa = PBXResourcesBuildPhase;
			buildActionMask = 2147483647;
			files = (
				D7B85E5A26602A2F004FF4CE /* Preview Assets.xcassets in Resources */,
				D7B85E5726602A2F004FF4CE /* Assets.xcassets in Resources */,
			);
			runOnlyForDeploymentPostprocessing = 0;
		};
/* End PBXResourcesBuildPhase section */

/* Begin PBXSourcesBuildPhase section */
		D7B85E4B26602A2B004FF4CE /* Sources */ = {
			isa = PBXSourcesBuildPhase;
			buildActionMask = 2147483647;
			files = (
				D7B85E5526602A2B004FF4CE /* ContentView.swift in Sources */,
				D7B85E5326602A2B004FF4CE /* LiveCoding4App.swift in Sources */,
				D7B85E6226602AE6004FF4CE /* RecipeRow.swift in Sources */,
				D7B85E6426602CCE004FF4CE /* RecipeList.swift in Sources */,
				D7B85E6626602FC7004FF4CE /* RecipeView.swift in Sources */,
			);
			runOnlyForDeploymentPostprocessing = 0;
		};
/* End PBXSourcesBuildPhase section */

/* Begin XCBuildConfiguration section */
		D7B85E5C26602A2F004FF4CE /* Debug */ = {
			isa = XCBuildConfiguration;
			buildSettings = {
				ALWAYS_SEARCH_USER_PATHS = NO;
				CLANG_ANALYZER_NONNULL = YES;
				CLANG_ANALYZER_NUMBER_OBJECT_CONVERSION = YES_AGGRESSIVE;
				CLANG_CXX_LANGUAGE_STANDARD = "gnu++14";
				CLANG_CXX_LIBRARY = "libc++";
				CLANG_ENABLE_MODULES = YES;
				CLANG_ENABLE_OBJC_ARC = YES;
				CLANG_ENABLE_OBJC_WEAK = YES;
				CLANG_WARN_BLOCK_CAPTURE_AUTORELEASING = YES;
				CLANG_WARN_BOOL_CONVERSION = YES;
				CLANG_WARN_COMMA = YES;
				CLANG_WARN_CONSTANT_CONVERSION = YES;
				CLANG_WARN_DEPRECATED_OBJC_IMPLEMENTATIONS = YES;
				CLANG_WARN_DIRECT_OBJC_ISA_USAGE = YES_ERROR;
				CLANG_WARN_DOCUMENTATION_COMMENTS = YES;
				CLANG_WARN_EMPTY_BODY = YES;
				CLANG_WARN_ENUM_CONVERSION = YES;
				CLANG_WARN_INFINITE_RECURSION = YES;
				CLANG_WARN_INT_CONVERSION = YES;
				CLANG_WARN_NON_LITERAL_NULL_CONVERSION = YES;
				CLANG_WARN_OBJC_IMPLICIT_RETAIN_SELF = YES;
				CLANG_WARN_OBJC_LITERAL_CONVERSION = YES;
				CLANG_WARN_OBJC_ROOT_CLASS = YES_ERROR;
				CLANG_WARN_QUOTED_INCLUDE_IN_FRAMEWORK_HEADER = YES;
				CLANG_WARN_RANGE_LOOP_ANALYSIS = YES;
				CLANG_WARN_STRICT_PROTOTYPES = YES;
				CLANG_WARN_SUSPICIOUS_MOVE = YES;
				CLANG_WARN_UNGUARDED_AVAILABILITY = YES_AGGRESSIVE;
				CLANG_WARN_UNREACHABLE_CODE = YES;
				CLANG_WARN__DUPLICATE_METHOD_MATCH = YES;
				COPY_PHASE_STRIP = NO;
				DEBUG_INFORMATION_FORMAT = dwarf;
				ENABLE_STRICT_OBJC_MSGSEND = YES;
				ENABLE_TESTABILITY = YES;
				GCC_C_LANGUAGE_STANDARD = gnu11;
				GCC_DYNAMIC_NO_PIC = NO;
				GCC_NO_COMMON_BLOCKS = YES;
				GCC_OPTIMIZATION_LEVEL = 0;
				GCC_PREPROCESSOR_DEFINITIONS = (
					"DEBUG=1",
					"$(inherited)",
				);
				GCC_WARN_64_TO_32_BIT_CONVERSION = YES;
				GCC_WARN_ABOUT_RETURN_TYPE = YES_ERROR;
				GCC_WARN_UNDECLARED_SELECTOR = YES;
				GCC_WARN_UNINITIALIZED_AUTOS = YES_AGGRESSIVE;
				GCC_WARN_UNUSED_FUNCTION = YES;
				GCC_WARN_UNUSED_VARIABLE = YES;
				IPHONEOS_DEPLOYMENT_TARGET = 14.5;
				MTL_ENABLE_DEBUG_INFO = INCLUDE_SOURCE;
				MTL_FAST_MATH = YES;
				ONLY_ACTIVE_ARCH = YES;
				SDKROOT = iphoneos;
				SWIFT_ACTIVE_COMPILATION_CONDITIONS = DEBUG;
				SWIFT_OPTIMIZATION_LEVEL = "-Onone";
			};
			name = Debug;
		};
		D7B85E5D26602A2F004FF4CE /* Release */ = {
			isa = XCBuildConfiguration;
			buildSettings = {
				ALWAYS_SEARCH_USER_PATHS = NO;
				CLANG_ANALYZER_NONNULL = YES;
				CLANG_ANALYZER_NUMBER_OBJECT_CONVERSION = YES_AGGRESSIVE;
				CLANG_CXX_LANGUAGE_STANDARD = "gnu++14";
				CLANG_CXX_LIBRARY = "libc++";
				CLANG_ENABLE_MODULES = YES;
				CLANG_ENABLE_OBJC_ARC = YES;
				CLANG_ENABLE_OBJC_WEAK = YES;
				CLANG_WARN_BLOCK_CAPTURE_AUTORELEASING = YES;
				CLANG_WARN_BOOL_CONVERSION = YES;
				CLANG_WARN_COMMA = YES;
				CLANG_WARN_CONSTANT_CONVERSION = YES;
				CLANG_WARN_DEPRECATED_OBJC_IMPLEMENTATIONS = YES;
				CLANG_WARN_DIRECT_OBJC_ISA_USAGE = YES_ERROR;
				CLANG_WARN_DOCUMENTATION_COMMENTS = YES;
				CLANG_WARN_EMPTY_BODY = YES;
				CLANG_WARN_ENUM_CONVERSION = YES;
				CLANG_WARN_INFINITE_RECURSION = YES;
				CLANG_WARN_INT_CONVERSION = YES;
				CLANG_WARN_NON_LITERAL_NULL_CONVERSION = YES;
				CLANG_WARN_OBJC_IMPLICIT_RETAIN_SELF = YES;
				CLANG_WARN_OBJC_LITERAL_CONVERSION = YES;
				CLANG_WARN_OBJC_ROOT_CLASS = YES_ERROR;
				CLANG_WARN_QUOTED_INCLUDE_IN_FRAMEWORK_HEADER = YES;
				CLANG_WARN_RANGE_LOOP_ANALYSIS = YES;
				CLANG_WARN_STRICT_PROTOTYPES = YES;
				CLANG_WARN_SUSPICIOUS_MOVE = YES;
				CLANG_WARN_UNGUARDED_AVAILABILITY = YES_AGGRESSIVE;
				CLANG_WARN_UNREACHABLE_CODE = YES;
				CLANG_WARN__DUPLICATE_METHOD_MATCH = YES;
				COPY_PHASE_STRIP = NO;
				DEBUG_INFORMATION_FORMAT = "dwarf-with-dsym";
				ENABLE_NS_ASSERTIONS = NO;
				ENABLE_STRICT_OBJC_MSGSEND = YES;
				GCC_C_LANGUAGE_STANDARD = gnu11;
				GCC_NO_COMMON_BLOCKS = YES;
				GCC_WARN_64_TO_32_BIT_CONVERSION = YES;
				GCC_WARN_ABOUT_RETURN_TYPE = YES_ERROR;
				GCC_WARN_UNDECLARED_SELECTOR = YES;
				GCC_WARN_UNINITIALIZED_AUTOS = YES_AGGRESSIVE;
				GCC_WARN_UNUSED_FUNCTION = YES;
				GCC_WARN_UNUSED_VARIABLE = YES;
				IPHONEOS_DEPLOYMENT_TARGET = 14.5;
				MTL_ENABLE_DEBUG_INFO = NO;
				MTL_FAST_MATH = YES;
				SDKROOT = iphoneos;
				SWIFT_COMPILATION_MODE = wholemodule;
				SWIFT_OPTIMIZATION_LEVEL = "-O";
				VALIDATE_PRODUCT = YES;
			};
			name = Release;
		};
		D7B85E5F26602A2F004FF4CE /* Debug */ = {
			isa = XCBuildConfiguration;
			buildSettings = {
				ASSETCATALOG_COMPILER_APPICON_NAME = AppIcon;
				ASSETCATALOG_COMPILER_GLOBAL_ACCENT_COLOR_NAME = AccentColor;
				CODE_SIGN_STYLE = Automatic;
				DEVELOPMENT_ASSET_PATHS = "\"LiveCoding4/Preview Content\"";
				DEVELOPMENT_TEAM = QM43B7QRF9;
				ENABLE_PREVIEWS = YES;
				INFOPLIST_FILE = LiveCoding4/Info.plist;
				IPHONEOS_DEPLOYMENT_TARGET = 14.0;
				LD_RUNPATH_SEARCH_PATHS = (
					"$(inherited)",
					"@executable_path/Frameworks",
				);
				PRODUCT_BUNDLE_IDENTIFIER = dev.pastre.LiveCoding4;
				PRODUCT_NAME = "$(TARGET_NAME)";
				SWIFT_VERSION = 5.0;
				TARGETED_DEVICE_FAMILY = "1,2";
			};
			name = Debug;
		};
		D7B85E6026602A2F004FF4CE /* Release */ = {
			isa = XCBuildConfiguration;
			buildSettings = {
				ASSETCATALOG_COMPILER_APPICON_NAME = AppIcon;
				ASSETCATALOG_COMPILER_GLOBAL_ACCENT_COLOR_NAME = AccentColor;
				CODE_SIGN_STYLE = Automatic;
				DEVELOPMENT_ASSET_PATHS = "\"LiveCoding4/Preview Content\"";
				DEVELOPMENT_TEAM = QM43B7QRF9;
				ENABLE_PREVIEWS = YES;
				INFOPLIST_FILE = LiveCoding4/Info.plist;
				IPHONEOS_DEPLOYMENT_TARGET = 14.0;
				LD_RUNPATH_SEARCH_PATHS = (
					"$(inherited)",
					"@executable_path/Frameworks",
				);
				PRODUCT_BUNDLE_IDENTIFIER = dev.pastre.LiveCoding4;
				PRODUCT_NAME = "$(TARGET_NAME)";
				SWIFT_VERSION = 5.0;
				TARGETED_DEVICE_FAMILY = "1,2";
			};
			name = Release;
		};
/* End XCBuildConfiguration section */

/* Begin XCConfigurationList section */
		D7B85E4A26602A2B004FF4CE /* Build configuration list for PBXProject "LiveCoding4" */ = {
			isa = XCConfigurationList;
			buildConfigurations = (
				D7B85E5C26602A2F004FF4CE /* Debug */,
				D7B85E5D26602A2F004FF4CE /* Release */,
			);
			defaultConfigurationIsVisible = 0;
			defaultConfigurationName = Release;
		};
		D7B85E5E26602A2F004FF4CE /* Build configuration list for PBXNativeTarget "LiveCoding4" */ = {
			isa = XCConfigurationList;
			buildConfigurations = (
				D7B85E5F26602A2F004FF4CE /* Debug */,
				D7B85E6026602A2F004FF4CE /* Release */,
			);
			defaultConfigurationIsVisible = 0;
			defaultConfigurationName = Release;
		};
/* End XCConfigurationList section */
	};
	rootObject = D7B85E4726602A2B004FF4CE /* Project object */;
}
