// !$*UTF8*$!
{
	archiveVersion = 1;
	classes = {
	};
	objectVersion = 50;
	objects = {

/* Begin PBXBuildFile section */
		5621CE96265F1B8D0018806A /* CurrencyApp.swift in Sources */ = {isa = PBXBuildFile; fileRef = 5621CE95265F1B8D0018806A /* CurrencyApp.swift */; };
		5621CE98265F1B8D0018806A /* CurrencyView.swift in Sources */ = {isa = PBXBuildFile; fileRef = 5621CE97265F1B8D0018806A /* CurrencyView.swift */; };
		5621CE9A265F1B900018806A /* Assets.xcassets in Resources */ = {isa = PBXBuildFile; fileRef = 5621CE99265F1B900018806A /* Assets.xcassets */; };
		5621CE9D265F1B900018806A /* Preview Assets.xcassets in Resources */ = {isa = PBXBuildFile; fileRef = 5621CE9C265F1B900018806A /* Preview Assets.xcassets */; };
		5621CEA7265F1C560018806A /* Currency.swift in Sources */ = {isa = PBXBuildFile; fileRef = 5621CEA6265F1C560018806A /* Currency.swift */; };
		5621CEA9265F20B90018806A /* ListSectionView.swift in Sources */ = {isa = PBXBuildFile; fileRef = 5621CEA8265F20B90018806A /* ListSectionView.swift */; };
		5621CEAB265F20FB0018806A /* ListCellView.swift in Sources */ = {isa = PBXBuildFile; fileRef = 5621CEAA265F20FB0018806A /* ListCellView.swift */; };
/* End PBXBuildFile section */

/* Begin PBXFileReference section */
		5621CE92265F1B8D0018806A /* CurrencyApp.app */ = {isa = PBXFileReference; explicitFileType = wrapper.application; includeInIndex = 0; path = CurrencyApp.app; sourceTree = BUILT_PRODUCTS_DIR; };
		5621CE95265F1B8D0018806A /* CurrencyApp.swift */ = {isa = PBXFileReference; lastKnownFileType = sourcecode.swift; path = CurrencyApp.swift; sourceTree = "<group>"; };
		5621CE97265F1B8D0018806A /* CurrencyView.swift */ = {isa = PBXFileReference; lastKnownFileType = sourcecode.swift; path = CurrencyView.swift; sourceTree = "<group>"; };
		5621CE99265F1B900018806A /* Assets.xcassets */ = {isa = PBXFileReference; lastKnownFileType = folder.assetcatalog; path = Assets.xcassets; sourceTree = "<group>"; };
		5621CE9C265F1B900018806A /* Preview Assets.xcassets */ = {isa = PBXFileReference; lastKnownFileType = folder.assetcatalog; path = "Preview Assets.xcassets"; sourceTree = "<group>"; };
		5621CE9E265F1B900018806A /* Info.plist */ = {isa = PBXFileReference; lastKnownFileType = text.plist.xml; path = Info.plist; sourceTree = "<group>"; };
		5621CEA6265F1C560018806A /* Currency.swift */ = {isa = PBXFileReference; lastKnownFileType = sourcecode.swift; path = Currency.swift; sourceTree = "<group>"; };
		5621CEA8265F20B90018806A /* ListSectionView.swift */ = {isa = PBXFileReference; lastKnownFileType = sourcecode.swift; path = ListSectionView.swift; sourceTree = "<group>"; };
		5621CEAA265F20FB0018806A /* ListCellView.swift */ = {isa = PBXFileReference; lastKnownFileType = sourcecode.swift; path = ListCellView.swift; sourceTree = "<group>"; };
/* End PBXFileReference section */

/* Begin PBXFrameworksBuildPhase section */
		5621CE8F265F1B8D0018806A /* Frameworks */ = {
			isa = PBXFrameworksBuildPhase;
			buildActionMask = 2147483647;
			files = (
			);
			runOnlyForDeploymentPostprocessing = 0;
		};
/* End PBXFrameworksBuildPhase section */

/* Begin PBXGroup section */
		5621CE89265F1B8D0018806A = {
			isa = PBXGroup;
			children = (
				5621CE94265F1B8D0018806A /* CurrencyApp */,
				5621CE93265F1B8D0018806A /* Products */,
			);
			sourceTree = "<group>";
		};
		5621CE93265F1B8D0018806A /* Products */ = {
			isa = PBXGroup;
			children = (
				5621CE92265F1B8D0018806A /* CurrencyApp.app */,
			);
			name = Products;
			sourceTree = "<group>";
		};
		5621CE94265F1B8D0018806A /* CurrencyApp */ = {
			isa = PBXGroup;
			children = (
				5621CE95265F1B8D0018806A /* CurrencyApp.swift */,
				5621CEA5265F1C480018806A /* Model */,
				5621CEA4265F1BA20018806A /* CurrencyView */,
				5621CE99265F1B900018806A /* Assets.xcassets */,
				5621CE9E265F1B900018806A /* Info.plist */,
				5621CE9B265F1B900018806A /* Preview Content */,
			);
			path = CurrencyApp;
			sourceTree = "<group>";
		};
		5621CE9B265F1B900018806A /* Preview Content */ = {
			isa = PBXGroup;
			children = (
				5621CE9C265F1B900018806A /* Preview Assets.xcassets */,
			);
			path = "Preview Content";
			sourceTree = "<group>";
		};
		5621CEA4265F1BA20018806A /* CurrencyView */ = {
			isa = PBXGroup;
			children = (
				5621CE97265F1B8D0018806A /* CurrencyView.swift */,
				5621CEA8265F20B90018806A /* ListSectionView.swift */,
				5621CEAA265F20FB0018806A /* ListCellView.swift */,
			);
			path = CurrencyView;
			sourceTree = "<group>";
		};
		5621CEA5265F1C480018806A /* Model */ = {
			isa = PBXGroup;
			children = (
				5621CEA6265F1C560018806A /* Currency.swift */,
			);
			path = Model;
			sourceTree = "<group>";
		};
/* End PBXGroup section */

/* Begin PBXNativeTarget section */
		5621CE91265F1B8D0018806A /* CurrencyApp */ = {
			isa = PBXNativeTarget;
			buildConfigurationList = 5621CEA1265F1B900018806A /* Build configuration list for PBXNativeTarget "CurrencyApp" */;
			buildPhases = (
				5621CE8E265F1B8D0018806A /* Sources */,
				5621CE8F265F1B8D0018806A /* Frameworks */,
				5621CE90265F1B8D0018806A /* Resources */,
			);
			buildRules = (
			);
			dependencies = (
			);
			name = CurrencyApp;
			productName = CurrencyApp;
			productReference = 5621CE92265F1B8D0018806A /* CurrencyApp.app */;
			productType = "com.apple.product-type.application";
		};
/* End PBXNativeTarget section */

/* Begin PBXProject section */
		5621CE8A265F1B8D0018806A /* Project object */ = {
			isa = PBXProject;
			attributes = {
				LastSwiftUpdateCheck = 1250;
				LastUpgradeCheck = 1250;
				TargetAttributes = {
					5621CE91265F1B8D0018806A = {
						CreatedOnToolsVersion = 12.5;
					};
				};
			};
			buildConfigurationList = 5621CE8D265F1B8D0018806A /* Build configuration list for PBXProject "CurrencyApp" */;
			compatibilityVersion = "Xcode 9.3";
			developmentRegion = en;
			hasScannedForEncodings = 0;
			knownRegions = (
				en,
				Base,
			);
			mainGroup = 5621CE89265F1B8D0018806A;
			productRefGroup = 5621CE93265F1B8D0018806A /* Products */;
			projectDirPath = "";
			projectRoot = "";
			targets = (
				5621CE91265F1B8D0018806A /* CurrencyApp */,
			);
		};
/* End PBXProject section */

/* Begin PBXResourcesBuildPhase section */
		5621CE90265F1B8D0018806A /* Resources */ = {
			isa = PBXResourcesBuildPhase;
			buildActionMask = 2147483647;
			files = (
				5621CE9D265F1B900018806A /* Preview Assets.xcassets in Resources */,
				5621CE9A265F1B900018806A /* Assets.xcassets in Resources */,
			);
			runOnlyForDeploymentPostprocessing = 0;
		};
/* End PBXResourcesBuildPhase section */

/* Begin PBXSourcesBuildPhase section */
		5621CE8E265F1B8D0018806A /* Sources */ = {
			isa = PBXSourcesBuildPhase;
			buildActionMask = 2147483647;
			files = (
				5621CEA9265F20B90018806A /* ListSectionView.swift in Sources */,
				5621CEA7265F1C560018806A /* Currency.swift in Sources */,
				5621CE98265F1B8D0018806A /* CurrencyView.swift in Sources */,
				5621CE96265F1B8D0018806A /* CurrencyApp.swift in Sources */,
				5621CEAB265F20FB0018806A /* ListCellView.swift in Sources */,
			);
			runOnlyForDeploymentPostprocessing = 0;
		};
/* End PBXSourcesBuildPhase section */

/* Begin XCBuildConfiguration section */
		5621CE9F265F1B900018806A /* Debug */ = {
			isa = XCBuildConfiguration;
			buildSettings = {
				ALWAYS_SEARCH_USER_PATHS = NO;
				CLANG_ANALYZER_NONNULL = YES;
				CLANG_ANALYZER_NUMBER_OBJECT_CONVERSION = YES_AGGRESSIVE;
				CLANG_CXX_LANGUAGE_STANDARD = "gnu++14";
				CLANG_CXX_LIBRARY = "libc++";
				CLANG_ENABLE_MODULES = YES;
				CLANG_ENABLE_OBJC_ARC = YES;
				CLANG_ENABLE_OBJC_WEAK = YES;
				CLANG_WARN_BLOCK_CAPTURE_AUTORELEASING = YES;
				CLANG_WARN_BOOL_CONVERSION = YES;
				CLANG_WARN_COMMA = YES;
				CLANG_WARN_CONSTANT_CONVERSION = YES;
				CLANG_WARN_DEPRECATED_OBJC_IMPLEMENTATIONS = YES;
				CLANG_WARN_DIRECT_OBJC_ISA_USAGE = YES_ERROR;
				CLANG_WARN_DOCUMENTATION_COMMENTS = YES;
				CLANG_WARN_EMPTY_BODY = YES;
				CLANG_WARN_ENUM_CONVERSION = YES;
				CLANG_WARN_INFINITE_RECURSION = YES;
				CLANG_WARN_INT_CONVERSION = YES;
				CLANG_WARN_NON_LITERAL_NULL_CONVERSION = YES;
				CLANG_WARN_OBJC_IMPLICIT_RETAIN_SELF = YES;
				CLANG_WARN_OBJC_LITERAL_CONVERSION = YES;
				CLANG_WARN_OBJC_ROOT_CLASS = YES_ERROR;
				CLANG_WARN_QUOTED_INCLUDE_IN_FRAMEWORK_HEADER = YES;
				CLANG_WARN_RANGE_LOOP_ANALYSIS = YES;
				CLANG_WARN_STRICT_PROTOTYPES = YES;
				CLANG_WARN_SUSPICIOUS_MOVE = YES;
				CLANG_WARN_UNGUARDED_AVAILABILITY = YES_AGGRESSIVE;
				CLANG_WARN_UNREACHABLE_CODE = YES;
				CLANG_WARN__DUPLICATE_METHOD_MATCH = YES;
				COPY_PHASE_STRIP = NO;
				DEBUG_INFORMATION_FORMAT = dwarf;
				ENABLE_STRICT_OBJC_MSGSEND = YES;
				ENABLE_TESTABILITY = YES;
				GCC_C_LANGUAGE_STANDARD = gnu11;
				GCC_DYNAMIC_NO_PIC = NO;
				GCC_NO_COMMON_BLOCKS = YES;
				GCC_OPTIMIZATION_LEVEL = 0;
				GCC_PREPROCESSOR_DEFINITIONS = (
					"DEBUG=1",
					"$(inherited)",
				);
				GCC_WARN_64_TO_32_BIT_CONVERSION = YES;
				GCC_WARN_ABOUT_RETURN_TYPE = YES_ERROR;
				GCC_WARN_UNDECLARED_SELECTOR = YES;
				GCC_WARN_UNINITIALIZED_AUTOS = YES_AGGRESSIVE;
				GCC_WARN_UNUSED_FUNCTION = YES;
				GCC_WARN_UNUSED_VARIABLE = YES;
				IPHONEOS_DEPLOYMENT_TARGET = 14.5;
				MTL_ENABLE_DEBUG_INFO = INCLUDE_SOURCE;
				MTL_FAST_MATH = YES;
				ONLY_ACTIVE_ARCH = YES;
				SDKROOT = iphoneos;
				SWIFT_ACTIVE_COMPILATION_CONDITIONS = DEBUG;
				SWIFT_OPTIMIZATION_LEVEL = "-Onone";
			};
			name = Debug;
		};
		5621CEA0265F1B900018806A /* Release */ = {
			isa = XCBuildConfiguration;
			buildSettings = {
				ALWAYS_SEARCH_USER_PATHS = NO;
				CLANG_ANALYZER_NONNULL = YES;
				CLANG_ANALYZER_NUMBER_OBJECT_CONVERSION = YES_AGGRESSIVE;
				CLANG_CXX_LANGUAGE_STANDARD = "gnu++14";
				CLANG_CXX_LIBRARY = "libc++";
				CLANG_ENABLE_MODULES = YES;
				CLANG_ENABLE_OBJC_ARC = YES;
				CLANG_ENABLE_OBJC_WEAK = YES;
				CLANG_WARN_BLOCK_CAPTURE_AUTORELEASING = YES;
				CLANG_WARN_BOOL_CONVERSION = YES;
				CLANG_WARN_COMMA = YES;
				CLANG_WARN_CONSTANT_CONVERSION = YES;
				CLANG_WARN_DEPRECATED_OBJC_IMPLEMENTATIONS = YES;
				CLANG_WARN_DIRECT_OBJC_ISA_USAGE = YES_ERROR;
				CLANG_WARN_DOCUMENTATION_COMMENTS = YES;
				CLANG_WARN_EMPTY_BODY = YES;
				CLANG_WARN_ENUM_CONVERSION = YES;
				CLANG_WARN_INFINITE_RECURSION = YES;
				CLANG_WARN_INT_CONVERSION = YES;
				CLANG_WARN_NON_LITERAL_NULL_CONVERSION = YES;
				CLANG_WARN_OBJC_IMPLICIT_RETAIN_SELF = YES;
				CLANG_WARN_OBJC_LITERAL_CONVERSION = YES;
				CLANG_WARN_OBJC_ROOT_CLASS = YES_ERROR;
				CLANG_WARN_QUOTED_INCLUDE_IN_FRAMEWORK_HEADER = YES;
				CLANG_WARN_RANGE_LOOP_ANALYSIS = YES;
				CLANG_WARN_STRICT_PROTOTYPES = YES;
				CLANG_WARN_SUSPICIOUS_MOVE = YES;
				CLANG_WARN_UNGUARDED_AVAILABILITY = YES_AGGRESSIVE;
				CLANG_WARN_UNREACHABLE_CODE = YES;
				CLANG_WARN__DUPLICATE_METHOD_MATCH = YES;
				COPY_PHASE_STRIP = NO;
				DEBUG_INFORMATION_FORMAT = "dwarf-with-dsym";
				ENABLE_NS_ASSERTIONS = NO;
				ENABLE_STRICT_OBJC_MSGSEND = YES;
				GCC_C_LANGUAGE_STANDARD = gnu11;
				GCC_NO_COMMON_BLOCKS = YES;
				GCC_WARN_64_TO_32_BIT_CONVERSION = YES;
				GCC_WARN_ABOUT_RETURN_TYPE = YES_ERROR;
				GCC_WARN_UNDECLARED_SELECTOR = YES;
				GCC_WARN_UNINITIALIZED_AUTOS = YES_AGGRESSIVE;
				GCC_WARN_UNUSED_FUNCTION = YES;
				GCC_WARN_UNUSED_VARIABLE = YES;
				IPHONEOS_DEPLOYMENT_TARGET = 14.5;
				MTL_ENABLE_DEBUG_INFO = NO;
				MTL_FAST_MATH = YES;
				SDKROOT = iphoneos;
				SWIFT_COMPILATION_MODE = wholemodule;
				SWIFT_OPTIMIZATION_LEVEL = "-O";
				VALIDATE_PRODUCT = YES;
			};
			name = Release;
		};
		5621CEA2265F1B900018806A /* Debug */ = {
			isa = XCBuildConfiguration;
			buildSettings = {
				ASSETCATALOG_COMPILER_APPICON_NAME = AppIcon;
				ASSETCATALOG_COMPILER_GLOBAL_ACCENT_COLOR_NAME = AccentColor;
				CODE_SIGN_STYLE = Automatic;
				DEVELOPMENT_ASSET_PATHS = "\"CurrencyApp/Preview Content\"";
				DEVELOPMENT_TEAM = 5MSP4455P9;
				ENABLE_PREVIEWS = YES;
				INFOPLIST_FILE = CurrencyApp/Info.plist;
				IPHONEOS_DEPLOYMENT_TARGET = 14.0;
				LD_RUNPATH_SEARCH_PATHS = (
					"$(inherited)",
					"@executable_path/Frameworks",
				);
				PRODUCT_BUNDLE_IDENTIFIER = com.viniciusbinder.CurrencyApp;
				PRODUCT_NAME = "$(TARGET_NAME)";
				SWIFT_VERSION = 5.0;
				TARGETED_DEVICE_FAMILY = "1,2";
			};
			name = Debug;
		};
		5621CEA3265F1B900018806A /* Release */ = {
			isa = XCBuildConfiguration;
			buildSettings = {
				ASSETCATALOG_COMPILER_APPICON_NAME = AppIcon;
				ASSETCATALOG_COMPILER_GLOBAL_ACCENT_COLOR_NAME = AccentColor;
				CODE_SIGN_STYLE = Automatic;
				DEVELOPMENT_ASSET_PATHS = "\"CurrencyApp/Preview Content\"";
				DEVELOPMENT_TEAM = 5MSP4455P9;
				ENABLE_PREVIEWS = YES;
				INFOPLIST_FILE = CurrencyApp/Info.plist;
				IPHONEOS_DEPLOYMENT_TARGET = 14.0;
				LD_RUNPATH_SEARCH_PATHS = (
					"$(inherited)",
					"@executable_path/Frameworks",
				);
				PRODUCT_BUNDLE_IDENTIFIER = com.viniciusbinder.CurrencyApp;
				PRODUCT_NAME = "$(TARGET_NAME)";
				SWIFT_VERSION = 5.0;
				TARGETED_DEVICE_FAMILY = "1,2";
			};
			name = Release;
		};
/* End XCBuildConfiguration section */

/* Begin XCConfigurationList section */
		5621CE8D265F1B8D0018806A /* Build configuration list for PBXProject "CurrencyApp" */ = {
			isa = XCConfigurationList;
			buildConfigurations = (
				5621CE9F265F1B900018806A /* Debug */,
				5621CEA0265F1B900018806A /* Release */,
			);
			defaultConfigurationIsVisible = 0;
			defaultConfigurationName = Release;
		};
		5621CEA1265F1B900018806A /* Build configuration list for PBXNativeTarget "CurrencyApp" */ = {
			isa = XCConfigurationList;
			buildConfigurations = (
				5621CEA2265F1B900018806A /* Debug */,
				5621CEA3265F1B900018806A /* Release */,
			);
			defaultConfigurationIsVisible = 0;
			defaultConfigurationName = Release;
		};
/* End XCConfigurationList section */
	};
	rootObject = 5621CE8A265F1B8D0018806A /* Project object */;
}
