// !$*UTF8*$!
{
	archiveVersion = 1;
	classes = {
	};
	objectVersion = 50;
	objects = {

/* Begin PBXBuildFile section */
		D70E0857265FDDDD0029F71A /* RepiceRow.swift in Sources */ = {isa = PBXBuildFile; fileRef = D70E0856265FDDDD0029F71A /* RepiceRow.swift */; };
		D70E0859265FDEE10029F71A /* RecipeList.swift in Sources */ = {isa = PBXBuildFile; fileRef = D70E0858265FDEE10029F71A /* RecipeList.swift */; };
		D70E085B265FE2240029F71A /* RecipeDetailView.swift in Sources */ = {isa = PBXBuildFile; fileRef = D70E085A265FE2240029F71A /* RecipeDetailView.swift */; };
		D7315EBE265FB962004A3493 /* Day4ManhaApp.swift in Sources */ = {isa = PBXBuildFile; fileRef = D7315EBD265FB962004A3493 /* Day4ManhaApp.swift */; };
		D7315EC0265FB962004A3493 /* ContentView.swift in Sources */ = {isa = PBXBuildFile; fileRef = D7315EBF265FB962004A3493 /* ContentView.swift */; };
		D7315EC2265FB966004A3493 /* Assets.xcassets in Resources */ = {isa = PBXBuildFile; fileRef = D7315EC1265FB966004A3493 /* Assets.xcassets */; };
		D7315EC5265FB966004A3493 /* Preview Assets.xcassets in Resources */ = {isa = PBXBuildFile; fileRef = D7315EC4265FB966004A3493 /* Preview Assets.xcassets */; };
/* End PBXBuildFile section */

/* Begin PBXFileReference section */
		D70E0856265FDDDD0029F71A /* RepiceRow.swift */ = {isa = PBXFileReference; lastKnownFileType = sourcecode.swift; path = RepiceRow.swift; sourceTree = "<group>"; };
		D70E0858265FDEE10029F71A /* RecipeList.swift */ = {isa = PBXFileReference; lastKnownFileType = sourcecode.swift; path = RecipeList.swift; sourceTree = "<group>"; };
		D70E085A265FE2240029F71A /* RecipeDetailView.swift */ = {isa = PBXFileReference; lastKnownFileType = sourcecode.swift; path = RecipeDetailView.swift; sourceTree = "<group>"; };
		D7315EBA265FB962004A3493 /* Day4Manha.app */ = {isa = PBXFileReference; explicitFileType = wrapper.application; includeInIndex = 0; path = Day4Manha.app; sourceTree = BUILT_PRODUCTS_DIR; };
		D7315EBD265FB962004A3493 /* Day4ManhaApp.swift */ = {isa = PBXFileReference; lastKnownFileType = sourcecode.swift; path = Day4ManhaApp.swift; sourceTree = "<group>"; };
		D7315EBF265FB962004A3493 /* ContentView.swift */ = {isa = PBXFileReference; lastKnownFileType = sourcecode.swift; path = ContentView.swift; sourceTree = "<group>"; };
		D7315EC1265FB966004A3493 /* Assets.xcassets */ = {isa = PBXFileReference; lastKnownFileType = folder.assetcatalog; path = Assets.xcassets; sourceTree = "<group>"; };
		D7315EC4265FB966004A3493 /* Preview Assets.xcassets */ = {isa = PBXFileReference; lastKnownFileType = folder.assetcatalog; path = "Preview Assets.xcassets"; sourceTree = "<group>"; };
		D7315EC6265FB966004A3493 /* Info.plist */ = {isa = PBXFileReference; lastKnownFileType = text.plist.xml; path = Info.plist; sourceTree = "<group>"; };
/* End PBXFileReference section */

/* Begin PBXFrameworksBuildPhase section */
		D7315EB7265FB962004A3493 /* Frameworks */ = {
			isa = PBXFrameworksBuildPhase;
			buildActionMask = 2147483647;
			files = (
			);
			runOnlyForDeploymentPostprocessing = 0;
		};
/* End PBXFrameworksBuildPhase section */

/* Begin PBXGroup section */
		D7315EB1265FB962004A3493 = {
			isa = PBXGroup;
			children = (
				D7315EBC265FB962004A3493 /* Day4Manha */,
				D7315EBB265FB962004A3493 /* Products */,
			);
			sourceTree = "<group>";
		};
		D7315EBB265FB962004A3493 /* Products */ = {
			isa = PBXGroup;
			children = (
				D7315EBA265FB962004A3493 /* Day4Manha.app */,
			);
			name = Products;
			sourceTree = "<group>";
		};
		D7315EBC265FB962004A3493 /* Day4Manha */ = {
			isa = PBXGroup;
			children = (
				D7315EBD265FB962004A3493 /* Day4ManhaApp.swift */,
				D7315EBF265FB962004A3493 /* ContentView.swift */,
				D7315EC1265FB966004A3493 /* Assets.xcassets */,
				D7315EC6265FB966004A3493 /* Info.plist */,
				D7315EC3265FB966004A3493 /* Preview Content */,
				D70E0856265FDDDD0029F71A /* RepiceRow.swift */,
				D70E0858265FDEE10029F71A /* RecipeList.swift */,
				D70E085A265FE2240029F71A /* RecipeDetailView.swift */,
			);
			path = Day4Manha;
			sourceTree = "<group>";
		};
		D7315EC3265FB966004A3493 /* Preview Content */ = {
			isa = PBXGroup;
			children = (
				D7315EC4265FB966004A3493 /* Preview Assets.xcassets */,
			);
			path = "Preview Content";
			sourceTree = "<group>";
		};
/* End PBXGroup section */

/* Begin PBXNativeTarget section */
		D7315EB9265FB962004A3493 /* Day4Manha */ = {
			isa = PBXNativeTarget;
			buildConfigurationList = D7315EC9265FB966004A3493 /* Build configuration list for PBXNativeTarget "Day4Manha" */;
			buildPhases = (
				D7315EB6265FB962004A3493 /* Sources */,
				D7315EB7265FB962004A3493 /* Frameworks */,
				D7315EB8265FB962004A3493 /* Resources */,
			);
			buildRules = (
			);
			dependencies = (
			);
			name = Day4Manha;
			productName = Day4Manha;
			productReference = D7315EBA265FB962004A3493 /* Day4Manha.app */;
			productType = "com.apple.product-type.application";
		};
/* End PBXNativeTarget section */

/* Begin PBXProject section */
		D7315EB2265FB962004A3493 /* Project object */ = {
			isa = PBXProject;
			attributes = {
				LastSwiftUpdateCheck = 1250;
				LastUpgradeCheck = 1250;
				TargetAttributes = {
					D7315EB9265FB962004A3493 = {
						CreatedOnToolsVersion = 12.5;
					};
				};
			};
			buildConfigurationList = D7315EB5265FB962004A3493 /* Build configuration list for PBXProject "Day4Manha" */;
			compatibilityVersion = "Xcode 9.3";
			developmentRegion = en;
			hasScannedForEncodings = 0;
			knownRegions = (
				en,
				Base,
			);
			mainGroup = D7315EB1265FB962004A3493;
			productRefGroup = D7315EBB265FB962004A3493 /* Products */;
			projectDirPath = "";
			projectRoot = "";
			targets = (
				D7315EB9265FB962004A3493 /* Day4Manha */,
			);
		};
/* End PBXProject section */

/* Begin PBXResourcesBuildPhase section */
		D7315EB8265FB962004A3493 /* Resources */ = {
			isa = PBXResourcesBuildPhase;
			buildActionMask = 2147483647;
			files = (
				D7315EC5265FB966004A3493 /* Preview Assets.xcassets in Resources */,
				D7315EC2265FB966004A3493 /* Assets.xcassets in Resources */,
			);
			runOnlyForDeploymentPostprocessing = 0;
		};
/* End PBXResourcesBuildPhase section */

/* Begin PBXSourcesBuildPhase section */
		D7315EB6265FB962004A3493 /* Sources */ = {
			isa = PBXSourcesBuildPhase;
			buildActionMask = 2147483647;
			files = (
				D7315EC0265FB962004A3493 /* ContentView.swift in Sources */,
				D70E085B265FE2240029F71A /* RecipeDetailView.swift in Sources */,
				D7315EBE265FB962004A3493 /* Day4ManhaApp.swift in Sources */,
				D70E0859265FDEE10029F71A /* RecipeList.swift in Sources */,
				D70E0857265FDDDD0029F71A /* RepiceRow.swift in Sources */,
			);
			runOnlyForDeploymentPostprocessing = 0;
		};
/* End PBXSourcesBuildPhase section */

/* Begin XCBuildConfiguration section */
		D7315EC7265FB966004A3493 /* Debug */ = {
			isa = XCBuildConfiguration;
			buildSettings = {
				ALWAYS_SEARCH_USER_PATHS = NO;
				CLANG_ANALYZER_NONNULL = YES;
				CLANG_ANALYZER_NUMBER_OBJECT_CONVERSION = YES_AGGRESSIVE;
				CLANG_CXX_LANGUAGE_STANDARD = "gnu++14";
				CLANG_CXX_LIBRARY = "libc++";
				CLANG_ENABLE_MODULES = YES;
				CLANG_ENABLE_OBJC_ARC = YES;
				CLANG_ENABLE_OBJC_WEAK = YES;
				CLANG_WARN_BLOCK_CAPTURE_AUTORELEASING = YES;
				CLANG_WARN_BOOL_CONVERSION = YES;
				CLANG_WARN_COMMA = YES;
				CLANG_WARN_CONSTANT_CONVERSION = YES;
				CLANG_WARN_DEPRECATED_OBJC_IMPLEMENTATIONS = YES;
				CLANG_WARN_DIRECT_OBJC_ISA_USAGE = YES_ERROR;
				CLANG_WARN_DOCUMENTATION_COMMENTS = YES;
				CLANG_WARN_EMPTY_BODY = YES;
				CLANG_WARN_ENUM_CONVERSION = YES;
				CLANG_WARN_INFINITE_RECURSION = YES;
				CLANG_WARN_INT_CONVERSION = YES;
				CLANG_WARN_NON_LITERAL_NULL_CONVERSION = YES;
				CLANG_WARN_OBJC_IMPLICIT_RETAIN_SELF = YES;
				CLANG_WARN_OBJC_LITERAL_CONVERSION = YES;
				CLANG_WARN_OBJC_ROOT_CLASS = YES_ERROR;
				CLANG_WARN_QUOTED_INCLUDE_IN_FRAMEWORK_HEADER = YES;
				CLANG_WARN_RANGE_LOOP_ANALYSIS = YES;
				CLANG_WARN_STRICT_PROTOTYPES = YES;
				CLANG_WARN_SUSPICIOUS_MOVE = YES;
				CLANG_WARN_UNGUARDED_AVAILABILITY = YES_AGGRESSIVE;
				CLANG_WARN_UNREACHABLE_CODE = YES;
				CLANG_WARN__DUPLICATE_METHOD_MATCH = YES;
				COPY_PHASE_STRIP = NO;
				DEBUG_INFORMATION_FORMAT = dwarf;
				ENABLE_STRICT_OBJC_MSGSEND = YES;
				ENABLE_TESTABILITY = YES;
				GCC_C_LANGUAGE_STANDARD = gnu11;
				GCC_DYNAMIC_NO_PIC = NO;
				GCC_NO_COMMON_BLOCKS = YES;
				GCC_OPTIMIZATION_LEVEL = 0;
				GCC_PREPROCESSOR_DEFINITIONS = (
					"DEBUG=1",
					"$(inherited)",
				);
				GCC_WARN_64_TO_32_BIT_CONVERSION = YES;
				GCC_WARN_ABOUT_RETURN_TYPE = YES_ERROR;
				GCC_WARN_UNDECLARED_SELECTOR = YES;
				GCC_WARN_UNINITIALIZED_AUTOS = YES_AGGRESSIVE;
				GCC_WARN_UNUSED_FUNCTION = YES;
				GCC_WARN_UNUSED_VARIABLE = YES;
				IPHONEOS_DEPLOYMENT_TARGET = 14.5;
				MTL_ENABLE_DEBUG_INFO = INCLUDE_SOURCE;
				MTL_FAST_MATH = YES;
				ONLY_ACTIVE_ARCH = YES;
				SDKROOT = iphoneos;
				SWIFT_ACTIVE_COMPILATION_CONDITIONS = DEBUG;
				SWIFT_OPTIMIZATION_LEVEL = "-Onone";
			};
			name = Debug;
		};
		D7315EC8265FB966004A3493 /* Release */ = {
			isa = XCBuildConfiguration;
			buildSettings = {
				ALWAYS_SEARCH_USER_PATHS = NO;
				CLANG_ANALYZER_NONNULL = YES;
				CLANG_ANALYZER_NUMBER_OBJECT_CONVERSION = YES_AGGRESSIVE;
				CLANG_CXX_LANGUAGE_STANDARD = "gnu++14";
				CLANG_CXX_LIBRARY = "libc++";
				CLANG_ENABLE_MODULES = YES;
				CLANG_ENABLE_OBJC_ARC = YES;
				CLANG_ENABLE_OBJC_WEAK = YES;
				CLANG_WARN_BLOCK_CAPTURE_AUTORELEASING = YES;
				CLANG_WARN_BOOL_CONVERSION = YES;
				CLANG_WARN_COMMA = YES;
				CLANG_WARN_CONSTANT_CONVERSION = YES;
				CLANG_WARN_DEPRECATED_OBJC_IMPLEMENTATIONS = YES;
				CLANG_WARN_DIRECT_OBJC_ISA_USAGE = YES_ERROR;
				CLANG_WARN_DOCUMENTATION_COMMENTS = YES;
				CLANG_WARN_EMPTY_BODY = YES;
				CLANG_WARN_ENUM_CONVERSION = YES;
				CLANG_WARN_INFINITE_RECURSION = YES;
				CLANG_WARN_INT_CONVERSION = YES;
				CLANG_WARN_NON_LITERAL_NULL_CONVERSION = YES;
				CLANG_WARN_OBJC_IMPLICIT_RETAIN_SELF = YES;
				CLANG_WARN_OBJC_LITERAL_CONVERSION = YES;
				CLANG_WARN_OBJC_ROOT_CLASS = YES_ERROR;
				CLANG_WARN_QUOTED_INCLUDE_IN_FRAMEWORK_HEADER = YES;
				CLANG_WARN_RANGE_LOOP_ANALYSIS = YES;
				CLANG_WARN_STRICT_PROTOTYPES = YES;
				CLANG_WARN_SUSPICIOUS_MOVE = YES;
				CLANG_WARN_UNGUARDED_AVAILABILITY = YES_AGGRESSIVE;
				CLANG_WARN_UNREACHABLE_CODE = YES;
				CLANG_WARN__DUPLICATE_METHOD_MATCH = YES;
				COPY_PHASE_STRIP = NO;
				DEBUG_INFORMATION_FORMAT = "dwarf-with-dsym";
				ENABLE_NS_ASSERTIONS = NO;
				ENABLE_STRICT_OBJC_MSGSEND = YES;
				GCC_C_LANGUAGE_STANDARD = gnu11;
				GCC_NO_COMMON_BLOCKS = YES;
				GCC_WARN_64_TO_32_BIT_CONVERSION = YES;
				GCC_WARN_ABOUT_RETURN_TYPE = YES_ERROR;
				GCC_WARN_UNDECLARED_SELECTOR = YES;
				GCC_WARN_UNINITIALIZED_AUTOS = YES_AGGRESSIVE;
				GCC_WARN_UNUSED_FUNCTION = YES;
				GCC_WARN_UNUSED_VARIABLE = YES;
				IPHONEOS_DEPLOYMENT_TARGET = 14.5;
				MTL_ENABLE_DEBUG_INFO = NO;
				MTL_FAST_MATH = YES;
				SDKROOT = iphoneos;
				SWIFT_COMPILATION_MODE = wholemodule;
				SWIFT_OPTIMIZATION_LEVEL = "-O";
				VALIDATE_PRODUCT = YES;
			};
			name = Release;
		};
		D7315ECA265FB966004A3493 /* Debug */ = {
			isa = XCBuildConfiguration;
			buildSettings = {
				ASSETCATALOG_COMPILER_APPICON_NAME = AppIcon;
				ASSETCATALOG_COMPILER_GLOBAL_ACCENT_COLOR_NAME = AccentColor;
				CODE_SIGN_STYLE = Automatic;
				DEVELOPMENT_ASSET_PATHS = "\"Day4Manha/Preview Content\"";
				DEVELOPMENT_TEAM = QM43B7QRF9;
				ENABLE_PREVIEWS = YES;
				INFOPLIST_FILE = Day4Manha/Info.plist;
				IPHONEOS_DEPLOYMENT_TARGET = 14.0;
				LD_RUNPATH_SEARCH_PATHS = (
					"$(inherited)",
					"@executable_path/Frameworks",
				);
				PRODUCT_BUNDLE_IDENTIFIER = dev.pastre.Day4Manha;
				PRODUCT_NAME = "$(TARGET_NAME)";
				SWIFT_VERSION = 5.0;
				TARGETED_DEVICE_FAMILY = "1,2";
			};
			name = Debug;
		};
		D7315ECB265FB966004A3493 /* Release */ = {
			isa = XCBuildConfiguration;
			buildSettings = {
				ASSETCATALOG_COMPILER_APPICON_NAME = AppIcon;
				ASSETCATALOG_COMPILER_GLOBAL_ACCENT_COLOR_NAME = AccentColor;
				CODE_SIGN_STYLE = Automatic;
				DEVELOPMENT_ASSET_PATHS = "\"Day4Manha/Preview Content\"";
				DEVELOPMENT_TEAM = QM43B7QRF9;
				ENABLE_PREVIEWS = YES;
				INFOPLIST_FILE = Day4Manha/Info.plist;
				IPHONEOS_DEPLOYMENT_TARGET = 14.0;
				LD_RUNPATH_SEARCH_PATHS = (
					"$(inherited)",
					"@executable_path/Frameworks",
				);
				PRODUCT_BUNDLE_IDENTIFIER = dev.pastre.Day4Manha;
				PRODUCT_NAME = "$(TARGET_NAME)";
				SWIFT_VERSION = 5.0;
				TARGETED_DEVICE_FAMILY = "1,2";
			};
			name = Release;
		};
/* End XCBuildConfiguration section */

/* Begin XCConfigurationList section */
		D7315EB5265FB962004A3493 /* Build configuration list for PBXProject "Day4Manha" */ = {
			isa = XCConfigurationList;
			buildConfigurations = (
				D7315EC7265FB966004A3493 /* Debug */,
				D7315EC8265FB966004A3493 /* Release */,
			);
			defaultConfigurationIsVisible = 0;
			defaultConfigurationName = Release;
		};
		D7315EC9265FB966004A3493 /* Build configuration list for PBXNativeTarget "Day4Manha" */ = {
			isa = XCConfigurationList;
			buildConfigurations = (
				D7315ECA265FB966004A3493 /* Debug */,
				D7315ECB265FB966004A3493 /* Release */,
			);
			defaultConfigurationIsVisible = 0;
			defaultConfigurationName = Release;
		};
/* End XCConfigurationList section */
	};
	rootObject = D7315EB2265FB962004A3493 /* Project object */;
}
